
Microsoft Visual Studio Solution File, Format Version 12.00
# Visual Studio Version 17
VisualStudioVersion = 17.1.32228.430
MinimumVisualStudioVersion = 10.0.40219.1
Project("{FAE04EC0-301F-11D3-BF4B-00C04F79EFBC}") = "Lesson11.Airport", "Lesson11.Airport\Lesson11.Airport.csproj", "{798DAE5F-BD17-4D5D-80BF-EB6DBA344570}"
EndProject
Project("{FAE04EC0-301F-11D3-BF4B-00C04F79EFBC}") = "Lesson11.Business", "Lesson11.Business\Lesson11.Business.csproj", "{A37C108A-C3B8-48A9-9642-DB0AFAC2C8AB}"
EndProject
Project("{FAE04EC0-301F-11D3-BF4B-00C04F79EFBC}") = "Lesson11.DataAccess", "Lesson11.DataAccess\Lesson11.DataAccess.csproj", "{69772579-C124-45BC-A8F7-1C3A92E5C600}"
EndProject
Global
	GlobalSection(SolutionConfigurationPlatforms) = preSolution
		Debug|Any CPU = Debug|Any CPU
		Release|Any CPU = Release|Any CPU
	EndGlobalSection
	GlobalSection(ProjectConfigurationPlatforms) = postSolution
		{798DAE5F-BD17-4D5D-80BF-EB6DBA344570}.Debug|Any CPU.ActiveCfg = Debug|Any CPU
		{798DAE5F-BD17-4D5D-80BF-EB6DBA344570}.Debug|Any CPU.Build.0 = Debug|Any CPU
		{798DAE5F-BD17-4D5D-80BF-EB6DBA344570}.Release|Any CPU.ActiveCfg = Release|Any CPU
		{798DAE5F-BD17-4D5D-80BF-EB6DBA344570}.Release|Any CPU.Build.0 = Release|Any CPU
		{A37C108A-C3B8-48A9-9642-DB0AFAC2C8AB}.Debug|Any CPU.ActiveCfg = Debug|Any CPU
		{A37C108A-C3B8-48A9-9642-DB0AFAC2C8AB}.Debug|Any CPU.Build.0 = Debug|Any CPU
		{A37C108A-C3B8-48A9-9642-DB0AFAC2C8AB}.Release|Any CPU.ActiveCfg = Release|Any CPU
		{A37C108A-C3B8-48A9-9642-DB0AFAC2C8AB}.Release|Any CPU.Build.0 = Release|Any CPU
		{69772579-C124-45BC-A8F7-1C3A92E5C600}.Debug|Any CPU.ActiveCfg = Debug|Any CPU
		{69772579-C124-45BC-A8F7-1C3A92E5C600}.Debug|Any CPU.Build.0 = Debug|Any CPU
		{69772579-C124-45BC-A8F7-1C3A92E5C600}.Release|Any CPU.ActiveCfg = Release|Any CPU
		{69772579-C124-45BC-A8F7-1C3A92E5C600}.Release|Any CPU.Build.0 = Release|Any CPU
	EndGlobalSection
	GlobalSection(SolutionProperties) = preSolution
		HideSolutionNode = FALSE
	EndGlobalSection
	GlobalSection(ExtensibilityGlobals) = postSolution
		SolutionGuid = {87D4F1F6-79BF-4EE4-82B9-0692D1E2D60F}
	EndGlobalSection
EndGlobal
